github.com/ByteDeskAI/bytedesk-remote-gateway-plugin-sdk v0.1.0 h1:epITOtc3TKgunsXXe/v1WFMWfgGdCY18Gag55gKKKyg=
github.com/ByteDeskAI/bytedesk-remote-gateway-plugin-sdk v0.1.0/go.mod h1:xwgaYaOf8o0kq9or+h7JNd6L4w8YtEJR39pnBzUPBJA=
github.com/ByteDeskAI/bytedesk-sdk-dependencies v0.1.0 h1:3aWFtyoRVYhyXJIyeGt94rOAHmTUjFMVvViA5rI2e8g=
github.com/ByteDeskAI/bytedesk-sdk-dependencies v0.1.0/go.mod h1:L6f3GnfqffpD6FCg0cNrQFQF3nSbNtGBdqCnzy5LvYo=
